// !$*UTF8*$!
{
	archiveVersion = 1;
	classes = {
	};
	objectVersion = 51;
	objects = {

/* Begin PBXBuildFile section */
		753D00EC04E8B920475E59C1 /* Pods_RealTimeChat2.framework in Frameworks */ = {isa = PBXBuildFile; fileRef = CA037223003B38C193746C88 /* Pods_RealTimeChat2.framework */; };
		A246240C252BAE1D0042E7AB /* MainTabViewController.swift in Sources */ = {isa = PBXBuildFile; fileRef = A246240B252BAE1D0042E7AB /* MainTabViewController.swift */; };
		A274B694252BBDD2000230D1 /* LoginViewModel.swift in Sources */ = {isa = PBXBuildFile; fileRef = A274B693252BBDD2000230D1 /* LoginViewModel.swift */; };
		A274B698252BD4D0000230D1 /* ContactsViewModel.swift in Sources */ = {isa = PBXBuildFile; fileRef = A274B697252BD4D0000230D1 /* ContactsViewModel.swift */; };
		A274B69B252BD5B5000230D1 /* ContactsHelper.swift in Sources */ = {isa = PBXBuildFile; fileRef = A274B69A252BD5B5000230D1 /* ContactsHelper.swift */; };
		A274B69E252BD78F000230D1 /* AppContacts.swift in Sources */ = {isa = PBXBuildFile; fileRef = A274B69D252BD78F000230D1 /* AppContacts.swift */; };
		A274B6B8252C4082000230D1 /* ChatViewController.swift in Sources */ = {isa = PBXBuildFile; fileRef = A274B6B7252C4082000230D1 /* ChatViewController.swift */; };
		A274B6BB252C40F2000230D1 /* ChatViewModel.swift in Sources */ = {isa = PBXBuildFile; fileRef = A274B6BA252C40F2000230D1 /* ChatViewModel.swift */; };
		A274B6BE252C410B000230D1 /* Message.swift in Sources */ = {isa = PBXBuildFile; fileRef = A274B6BD252C410B000230D1 /* Message.swift */; };
		A274B6C1252C4971000230D1 /* ChatHelper.swift in Sources */ = {isa = PBXBuildFile; fileRef = A274B6C0252C4971000230D1 /* ChatHelper.swift */; };
		A28786CC252BB74D00E173DF /* ContactsTableViewController.swift in Sources */ = {isa = PBXBuildFile; fileRef = A28786C7252BB74C00E173DF /* ContactsTableViewController.swift */; };
		A28786CD252BB74D00E173DF /* CreateAccountViewController.swift in Sources */ = {isa = PBXBuildFile; fileRef = A28786C8252BB74C00E173DF /* CreateAccountViewController.swift */; };
		A28786CE252BB74D00E173DF /* ChatsTableViewController.swift in Sources */ = {isa = PBXBuildFile; fileRef = A28786C9252BB74C00E173DF /* ChatsTableViewController.swift */; };
		A28786CF252BB74D00E173DF /* LoginViewController.swift in Sources */ = {isa = PBXBuildFile; fileRef = A28786CA252BB74C00E173DF /* LoginViewController.swift */; };
		A28786D0252BB74D00E173DF /* ProfileTableViewController.swift in Sources */ = {isa = PBXBuildFile; fileRef = A28786CB252BB74C00E173DF /* ProfileTableViewController.swift */; };
		A28786D3252BB7B500E173DF /* ScrollViewController.swift in Sources */ = {isa = PBXBuildFile; fileRef = A28786D2252BB7B500E173DF /* ScrollViewController.swift */; };
		A28786D5252BB7F200E173DF /* ProfileHeaderView.swift in Sources */ = {isa = PBXBuildFile; fileRef = A28786D4252BB7F200E173DF /* ProfileHeaderView.swift */; };
		A2B04A69252BA25300DB5F7B /* GoogleService-Info.plist in Resources */ = {isa = PBXBuildFile; fileRef = A2B04A68252BA25300DB5F7B /* GoogleService-Info.plist */; };
		A2B04A83252BA3E100DB5F7B /* ColorExtensions.swift in Sources */ = {isa = PBXBuildFile; fileRef = A2B04A7E252BA3E100DB5F7B /* ColorExtensions.swift */; };
		A2B04A84252BA3E100DB5F7B /* StringExtensions.swift in Sources */ = {isa = PBXBuildFile; fileRef = A2B04A7F252BA3E100DB5F7B /* StringExtensions.swift */; };
		A2B04A85252BA3E100DB5F7B /* ButtonExtentions.swift in Sources */ = {isa = PBXBuildFile; fileRef = A2B04A80252BA3E100DB5F7B /* ButtonExtentions.swift */; };
		A2B04A86252BA3E100DB5F7B /* UIViewExtensions.swift in Sources */ = {isa = PBXBuildFile; fileRef = A2B04A81252BA3E100DB5F7B /* UIViewExtensions.swift */; };
		A2B04A87252BA3E100DB5F7B /* ViewControllerExtentions.swift in Sources */ = {isa = PBXBuildFile; fileRef = A2B04A82252BA3E100DB5F7B /* ViewControllerExtentions.swift */; };
		A2B04A8E252BA43900DB5F7B /* StartViewController.swift in Sources */ = {isa = PBXBuildFile; fileRef = A2B04A8D252BA43900DB5F7B /* StartViewController.swift */; };
		A2B04A91252BA4B400DB5F7B /* StartViewModel.swift in Sources */ = {isa = PBXBuildFile; fileRef = A2B04A90252BA4B400DB5F7B /* StartViewModel.swift */; };
		A2B04A97252BA4E800DB5F7B /* DatabaseHelper.swift in Sources */ = {isa = PBXBuildFile; fileRef = A2B04A94252BA4E800DB5F7B /* DatabaseHelper.swift */; };
		A2B04A98252BA4E800DB5F7B /* KeyboardHelper.swift in Sources */ = {isa = PBXBuildFile; fileRef = A2B04A95252BA4E800DB5F7B /* KeyboardHelper.swift */; };
		A2B04A99252BA4E800DB5F7B /* UserHelper.swift in Sources */ = {isa = PBXBuildFile; fileRef = A2B04A96252BA4E800DB5F7B /* UserHelper.swift */; };
		A2B04A9C252BABCE00DB5F7B /* AppUser.swift in Sources */ = {isa = PBXBuildFile; fileRef = A2B04A9B252BABCE00DB5F7B /* AppUser.swift */; };
		A2C522F9252CF73A00E23E2C /* ChatsViewModel.swift in Sources */ = {isa = PBXBuildFile; fileRef = A2C522F8252CF73A00E23E2C /* ChatsViewModel.swift */; };
		A2E24401252B96190004285B /* AppDelegate.swift in Sources */ = {isa = PBXBuildFile; fileRef = A2E24400252B96190004285B /* AppDelegate.swift */; };
		A2E24403252B96190004285B /* SceneDelegate.swift in Sources */ = {isa = PBXBuildFile; fileRef = A2E24402252B96190004285B /* SceneDelegate.swift */; };
		A2E24405252B96190004285B /* ViewController.swift in Sources */ = {isa = PBXBuildFile; fileRef = A2E24404252B96190004285B /* ViewController.swift */; };
		A2E24408252B96190004285B /* Main.storyboard in Resources */ = {isa = PBXBuildFile; fileRef = A2E24406252B96190004285B /* Main.storyboard */; };
		A2E2440A252B961F0004285B /* Assets.xcassets in Resources */ = {isa = PBXBuildFile; fileRef = A2E24409252B961F0004285B /* Assets.xcassets */; };
		A2E2440D252B961F0004285B /* LaunchScreen.storyboard in Resources */ = {isa = PBXBuildFile; fileRef = A2E2440B252B961F0004285B /* LaunchScreen.storyboard */; };
/* End PBXBuildFile section */

/* Begin PBXFileReference section */
		A246240B252BAE1D0042E7AB /* MainTabViewController.swift */ = {isa = PBXFileReference; lastKnownFileType = sourcecode.swift; path = MainTabViewController.swift; sourceTree = "<group>"; };
		A274B693252BBDD2000230D1 /* LoginViewModel.swift */ = {isa = PBXFileReference; lastKnownFileType = sourcecode.swift; path = LoginViewModel.swift; sourceTree = "<group>"; };
		A274B697252BD4D0000230D1 /* ContactsViewModel.swift */ = {isa = PBXFileReference; lastKnownFileType = sourcecode.swift; path = ContactsViewModel.swift; sourceTree = "<group>"; };
		A274B69A252BD5B5000230D1 /* ContactsHelper.swift */ = {isa = PBXFileReference; lastKnownFileType = sourcecode.swift; path = ContactsHelper.swift; sourceTree = "<group>"; };
		A274B69D252BD78F000230D1 /* AppContacts.swift */ = {isa = PBXFileReference; lastKnownFileType = sourcecode.swift; path = AppContacts.swift; sourceTree = "<group>"; };
		A274B6B7252C4082000230D1 /* ChatViewController.swift */ = {isa = PBXFileReference; lastKnownFileType = sourcecode.swift; path = ChatViewController.swift; sourceTree = "<group>"; };
		A274B6BA252C40F2000230D1 /* ChatViewModel.swift */ = {isa = PBXFileReference; lastKnownFileType = sourcecode.swift; path = ChatViewModel.swift; sourceTree = "<group>"; };
		A274B6BD252C410B000230D1 /* Message.swift */ = {isa = PBXFileReference; lastKnownFileType = sourcecode.swift; path = Message.swift; sourceTree = "<group>"; };
		A274B6C0252C4971000230D1 /* ChatHelper.swift */ = {isa = PBXFileReference; lastKnownFileType = sourcecode.swift; path = ChatHelper.swift; sourceTree = "<group>"; };
		A28786C7252BB74C00E173DF /* ContactsTableViewController.swift */ = {isa = PBXFileReference; fileEncoding = 4; lastKnownFileType = sourcecode.swift; path = ContactsTableViewController.swift; sourceTree = "<group>"; };
		A28786C8252BB74C00E173DF /* CreateAccountViewController.swift */ = {isa = PBXFileReference; fileEncoding = 4; lastKnownFileType = sourcecode.swift; path = CreateAccountViewController.swift; sourceTree = "<group>"; };
		A28786C9252BB74C00E173DF /* ChatsTableViewController.swift */ = {isa = PBXFileReference; fileEncoding = 4; lastKnownFileType = sourcecode.swift; path = ChatsTableViewController.swift; sourceTree = "<group>"; };
		A28786CA252BB74C00E173DF /* LoginViewController.swift */ = {isa = PBXFileReference; fileEncoding = 4; lastKnownFileType = sourcecode.swift; path = LoginViewController.swift; sourceTree = "<group>"; };
		A28786CB252BB74C00E173DF /* ProfileTableViewController.swift */ = {isa = PBXFileReference; fileEncoding = 4; lastKnownFileType = sourcecode.swift; path = ProfileTableViewController.swift; sourceTree = "<group>"; };
		A28786D2252BB7B500E173DF /* ScrollViewController.swift */ = {isa = PBXFileReference; fileEncoding = 4; lastKnownFileType = sourcecode.swift; path = ScrollViewController.swift; sourceTree = "<group>"; };
		A28786D4252BB7F200E173DF /* ProfileHeaderView.swift */ = {isa = PBXFileReference; lastKnownFileType = sourcecode.swift; path = ProfileHeaderView.swift; sourceTree = "<group>"; };
		A2B04A68252BA25300DB5F7B /* GoogleService-Info.plist */ = {isa = PBXFileReference; lastKnownFileType = text.plist; path = "GoogleService-Info.plist"; sourceTree = SOURCE_ROOT; };
		A2B04A7E252BA3E100DB5F7B /* ColorExtensions.swift */ = {isa = PBXFileReference; fileEncoding = 4; lastKnownFileType = sourcecode.swift; path = ColorExtensions.swift; sourceTree = "<group>"; };
		A2B04A7F252BA3E100DB5F7B /* StringExtensions.swift */ = {isa = PBXFileReference; fileEncoding = 4; lastKnownFileType = sourcecode.swift; path = StringExtensions.swift; sourceTree = "<group>"; };
		A2B04A80252BA3E100DB5F7B /* ButtonExtentions.swift */ = {isa = PBXFileReference; fileEncoding = 4; lastKnownFileType = sourcecode.swift; path = ButtonExtentions.swift; sourceTree = "<group>"; };
		A2B04A81252BA3E100DB5F7B /* UIViewExtensions.swift */ = {isa = PBXFileReference; fileEncoding = 4; lastKnownFileType = sourcecode.swift; path = UIViewExtensions.swift; sourceTree = "<group>"; };
		A2B04A82252BA3E100DB5F7B /* ViewControllerExtentions.swift */ = {isa = PBXFileReference; fileEncoding = 4; lastKnownFileType = sourcecode.swift; path = ViewControllerExtentions.swift; sourceTree = "<group>"; };
		A2B04A8D252BA43900DB5F7B /* StartViewController.swift */ = {isa = PBXFileReference; lastKnownFileType = sourcecode.swift; path = StartViewController.swift; sourceTree = "<group>"; };
		A2B04A90252BA4B400DB5F7B /* StartViewModel.swift */ = {isa = PBXFileReference; lastKnownFileType = sourcecode.swift; path = StartViewModel.swift; sourceTree = "<group>"; };
		A2B04A94252BA4E800DB5F7B /* DatabaseHelper.swift */ = {isa = PBXFileReference; fileEncoding = 4; lastKnownFileType = sourcecode.swift; path = DatabaseHelper.swift; sourceTree = "<group>"; };
		A2B04A95252BA4E800DB5F7B /* KeyboardHelper.swift */ = {isa = PBXFileReference; fileEncoding = 4; lastKnownFileType = sourcecode.swift; path = KeyboardHelper.swift; sourceTree = "<group>"; };
		A2B04A96252BA4E800DB5F7B /* UserHelper.swift */ = {isa = PBXFileReference; fileEncoding = 4; lastKnownFileType = sourcecode.swift; path = UserHelper.swift; sourceTree = "<group>"; };
		A2B04A9B252BABCE00DB5F7B /* AppUser.swift */ = {isa = PBXFileReference; lastKnownFileType = sourcecode.swift; path = AppUser.swift; sourceTree = "<group>"; };
		A2C522F8252CF73A00E23E2C /* ChatsViewModel.swift */ = {isa = PBXFileReference; lastKnownFileType = sourcecode.swift; path = ChatsViewModel.swift; sourceTree = "<group>"; };
		A2E243FD252B96190004285B /* RealTimeChat2.app */ = {isa = PBXFileReference; explicitFileType = wrapper.application; includeInIndex = 0; path = RealTimeChat2.app; sourceTree = BUILT_PRODUCTS_DIR; };
		A2E24400252B96190004285B /* AppDelegate.swift */ = {isa = PBXFileReference; lastKnownFileType = sourcecode.swift; path = AppDelegate.swift; sourceTree = "<group>"; };
		A2E24402252B96190004285B /* SceneDelegate.swift */ = {isa = PBXFileReference; lastKnownFileType = sourcecode.swift; path = SceneDelegate.swift; sourceTree = "<group>"; };
		A2E24404252B96190004285B /* ViewController.swift */ = {isa = PBXFileReference; lastKnownFileType = sourcecode.swift; path = ViewController.swift; sourceTree = "<group>"; };
		A2E24407252B96190004285B /* Base */ = {isa = PBXFileReference; lastKnownFileType = file.storyboard; name = Base; path = Base.lproj/Main.storyboard; sourceTree = "<group>"; };
		A2E24409252B961F0004285B /* Assets.xcassets */ = {isa = PBXFileReference; lastKnownFileType = folder.assetcatalog; path = Assets.xcassets; sourceTree = "<group>"; };
		A2E2440C252B961F0004285B /* Base */ = {isa = PBXFileReference; lastKnownFileType = file.storyboard; name = Base; path = Base.lproj/LaunchScreen.storyboard; sourceTree = "<group>"; };
		A2E2440E252B961F0004285B /* Info.plist */ = {isa = PBXFileReference; lastKnownFileType = text.plist.xml; path = Info.plist; sourceTree = "<group>"; };
		BA0744878215CADDB81DA6C1 /* Pods-RealTimeChat2.release.xcconfig */ = {isa = PBXFileReference; includeInIndex = 1; lastKnownFileType = text.xcconfig; name = "Pods-RealTimeChat2.release.xcconfig"; path = "Target Support Files/Pods-RealTimeChat2/Pods-RealTimeChat2.release.xcconfig"; sourceTree = "<group>"; };
		C71CC1B8366C3D72E4F9DB8F /* Pods-RealTimeChat2.debug.xcconfig */ = {isa = PBXFileReference; includeInIndex = 1; lastKnownFileType = text.xcconfig; name = "Pods-RealTimeChat2.debug.xcconfig"; path = "Target Support Files/Pods-RealTimeChat2/Pods-RealTimeChat2.debug.xcconfig"; sourceTree = "<group>"; };
		CA037223003B38C193746C88 /* Pods_RealTimeChat2.framework */ = {isa = PBXFileReference; explicitFileType = wrapper.framework; includeInIndex = 0; path = Pods_RealTimeChat2.framework; sourceTree = BUILT_PRODUCTS_DIR; };
/* End PBXFileReference section */

/* Begin PBXFrameworksBuildPhase section */
		A2E243FA252B96190004285B /* Frameworks */ = {
			isa = PBXFrameworksBuildPhase;
			buildActionMask = 2147483647;
			files = (
				753D00EC04E8B920475E59C1 /* Pods_RealTimeChat2.framework in Frameworks */,
			);
			runOnlyForDeploymentPostprocessing = 0;
		};
/* End PBXFrameworksBuildPhase section */

/* Begin PBXGroup section */
		18E17F325C9D02638D328361 /* Pods */ = {
			isa = PBXGroup;
			children = (
				C71CC1B8366C3D72E4F9DB8F /* Pods-RealTimeChat2.debug.xcconfig */,
				BA0744878215CADDB81DA6C1 /* Pods-RealTimeChat2.release.xcconfig */,
			);
			path = Pods;
			sourceTree = "<group>";
		};
		28B834571519E6668A5EBC99 /* Frameworks */ = {
			isa = PBXGroup;
			children = (
				CA037223003B38C193746C88 /* Pods_RealTimeChat2.framework */,
			);
			name = Frameworks;
			sourceTree = "<group>";
		};
		A28786D1252BB77E00E173DF /* Controls */ = {
			isa = PBXGroup;
			children = (
				A28786D2252BB7B500E173DF /* ScrollViewController.swift */,
			);
			path = Controls;
			sourceTree = "<group>";
		};
		A2B04A7D252BA34500DB5F7B /* Extensions */ = {
			isa = PBXGroup;
			children = (
				A2B04A80252BA3E100DB5F7B /* ButtonExtentions.swift */,
				A2B04A7E252BA3E100DB5F7B /* ColorExtensions.swift */,
				A2B04A7F252BA3E100DB5F7B /* StringExtensions.swift */,
				A2B04A81252BA3E100DB5F7B /* UIViewExtensions.swift */,
				A2B04A82252BA3E100DB5F7B /* ViewControllerExtentions.swift */,
			);
			path = Extensions;
			sourceTree = "<group>";
		};
		A2B04A93252BA4C000DB5F7B /* Helpers */ = {
			isa = PBXGroup;
			children = (
				A2B04A94252BA4E800DB5F7B /* DatabaseHelper.swift */,
				A2B04A95252BA4E800DB5F7B /* KeyboardHelper.swift */,
				A2B04A96252BA4E800DB5F7B /* UserHelper.swift */,
				A274B69A252BD5B5000230D1 /* ContactsHelper.swift */,
				A274B6C0252C4971000230D1 /* ChatHelper.swift */,
			);
			path = Helpers;
			sourceTree = "<group>";
		};
		A2E243F4252B96190004285B = {
			isa = PBXGroup;
			children = (
				A2E243FF252B96190004285B /* RealTimeChat2 */,
				A2E243FE252B96190004285B /* Products */,
				18E17F325C9D02638D328361 /* Pods */,
				28B834571519E6668A5EBC99 /* Frameworks */,
			);
			sourceTree = "<group>";
		};
		A2E243FE252B96190004285B /* Products */ = {
			isa = PBXGroup;
			children = (
				A2E243FD252B96190004285B /* RealTimeChat2.app */,
			);
			name = Products;
			sourceTree = "<group>";
		};
		A2E243FF252B96190004285B /* RealTimeChat2 */ = {
			isa = PBXGroup;
			children = (
				A28786D1252BB77E00E173DF /* Controls */,
				A2E24415252B96F60004285B /* Model */,
				A2E24416252B96FD0004285B /* View */,
				A2E24417252B97040004285B /* ViewModel */,
				A2B04A93252BA4C000DB5F7B /* Helpers */,
				A2B04A7D252BA34500DB5F7B /* Extensions */,
				A2E24414252B96DD0004285B /* Default */,
			);
			path = RealTimeChat2;
			sourceTree = "<group>";
		};
		A2E24414252B96DD0004285B /* Default */ = {
			isa = PBXGroup;
			children = (
				A2B04A68252BA25300DB5F7B /* GoogleService-Info.plist */,
				A2E24400252B96190004285B /* AppDelegate.swift */,
				A2E24402252B96190004285B /* SceneDelegate.swift */,
				A2E24404252B96190004285B /* ViewController.swift */,
				A2E24406252B96190004285B /* Main.storyboard */,
				A2E24409252B961F0004285B /* Assets.xcassets */,
				A2E2440B252B961F0004285B /* LaunchScreen.storyboard */,
				A2E2440E252B961F0004285B /* Info.plist */,
			);
			name = Default;
			sourceTree = "<group>";
		};
		A2E24415252B96F60004285B /* Model */ = {
			isa = PBXGroup;
			children = (
				A2B04A9B252BABCE00DB5F7B /* AppUser.swift */,
				A274B69D252BD78F000230D1 /* AppContacts.swift */,
				A274B6BD252C410B000230D1 /* Message.swift */,
			);
			path = Model;
			sourceTree = "<group>";
		};
		A2E24416252B96FD0004285B /* View */ = {
			isa = PBXGroup;
			children = (
				A28786C9252BB74C00E173DF /* ChatsTableViewController.swift */,
				A28786C7252BB74C00E173DF /* ContactsTableViewController.swift */,
				A28786C8252BB74C00E173DF /* CreateAccountViewController.swift */,
				A28786CB252BB74C00E173DF /* ProfileTableViewController.swift */,
				A28786CA252BB74C00E173DF /* LoginViewController.swift */,
				A2B04A8D252BA43900DB5F7B /* StartViewController.swift */,
				A246240B252BAE1D0042E7AB /* MainTabViewController.swift */,
				A28786D4252BB7F200E173DF /* ProfileHeaderView.swift */,
				A274B6B7252C4082000230D1 /* ChatViewController.swift */,
			);
			path = View;
			sourceTree = "<group>";
		};
		A2E24417252B97040004285B /* ViewModel */ = {
			isa = PBXGroup;
			children = (
				A2B04A90252BA4B400DB5F7B /* StartViewModel.swift */,
				A274B693252BBDD2000230D1 /* LoginViewModel.swift */,
				A274B697252BD4D0000230D1 /* ContactsViewModel.swift */,
				A274B6BA252C40F2000230D1 /* ChatViewModel.swift */,
				A2C522F8252CF73A00E23E2C /* ChatsViewModel.swift */,
			);
			path = ViewModel;
			sourceTree = "<group>";
		};
/* End PBXGroup section */

/* Begin PBXNativeTarget section */
		A2E243FC252B96190004285B /* RealTimeChat2 */ = {
			isa = PBXNativeTarget;
			buildConfigurationList = A2E24411252B961F0004285B /* Build configuration list for PBXNativeTarget "RealTimeChat2" */;
			buildPhases = (
				066F2FD4DC53A3FEC1986EB0 /* [CP] Check Pods Manifest.lock */,
				A2E243F9252B96190004285B /* Sources */,
				A2E243FA252B96190004285B /* Frameworks */,
				A2E243FB252B96190004285B /* Resources */,
				339399332D31B7F1F320ABC3 /* [CP] Embed Pods Frameworks */,
			);
			buildRules = (
			);
			dependencies = (
			);
			name = RealTimeChat2;
			productName = RealTimeChat2;
			productReference = A2E243FD252B96190004285B /* RealTimeChat2.app */;
			productType = "com.apple.product-type.application";
		};
/* End PBXNativeTarget section */

/* Begin PBXProject section */
		A2E243F5252B96190004285B /* Project object */ = {
			isa = PBXProject;
			attributes = {
				LastSwiftUpdateCheck = 1160;
				LastUpgradeCheck = 1200;
				ORGANIZATIONNAME = "Miyo Alpízar";
				TargetAttributes = {
					A2E243FC252B96190004285B = {
						CreatedOnToolsVersion = 11.6;
					};
				};
			};
			buildConfigurationList = A2E243F8252B96190004285B /* Build configuration list for PBXProject "RealTimeChat2" */;
			compatibilityVersion = "Xcode 9.3";
			developmentRegion = en;
			hasScannedForEncodings = 0;
			knownRegions = (
				en,
				Base,
			);
			mainGroup = A2E243F4252B96190004285B;
			productRefGroup = A2E243FE252B96190004285B /* Products */;
			projectDirPath = "";
			projectRoot = "";
			targets = (
				A2E243FC252B96190004285B /* RealTimeChat2 */,
			);
		};
/* End PBXProject section */

/* Begin PBXResourcesBuildPhase section */
		A2E243FB252B96190004285B /* Resources */ = {
			isa = PBXResourcesBuildPhase;
			buildActionMask = 2147483647;
			files = (
				A2E2440D252B961F0004285B /* LaunchScreen.storyboard in Resources */,
				A2B04A69252BA25300DB5F7B /* GoogleService-Info.plist in Resources */,
				A2E2440A252B961F0004285B /* Assets.xcassets in Resources */,
				A2E24408252B96190004285B /* Main.storyboard in Resources */,
			);
			runOnlyForDeploymentPostprocessing = 0;
		};
/* End PBXResourcesBuildPhase section */

/* Begin PBXShellScriptBuildPhase section */
		066F2FD4DC53A3FEC1986EB0 /* [CP] Check Pods Manifest.lock */ = {
			isa = PBXShellScriptBuildPhase;
			buildActionMask = 2147483647;
			files = (
			);
			inputFileListPaths = (
			);
			inputPaths = (
				"${PODS_PODFILE_DIR_PATH}/Podfile.lock",
				"${PODS_ROOT}/Manifest.lock",
			);
			name = "[CP] Check Pods Manifest.lock";
			outputFileListPaths = (
			);
			outputPaths = (
				"$(DERIVED_FILE_DIR)/Pods-RealTimeChat2-checkManifestLockResult.txt",
			);
			runOnlyForDeploymentPostprocessing = 0;
			shellPath = /bin/sh;
			shellScript = "diff \"${PODS_PODFILE_DIR_PATH}/Podfile.lock\" \"${PODS_ROOT}/Manifest.lock\" > /dev/null\nif [ $? != 0 ] ; then\n    # print error to STDERR\n    echo \"error: The sandbox is not in sync with the Podfile.lock. Run 'pod install' or update your CocoaPods installation.\" >&2\n    exit 1\nfi\n# This output is used by Xcode 'outputs' to avoid re-running this script phase.\necho \"SUCCESS\" > \"${SCRIPT_OUTPUT_FILE_0}\"\n";
			showEnvVarsInLog = 0;
		};
		339399332D31B7F1F320ABC3 /* [CP] Embed Pods Frameworks */ = {
			isa = PBXShellScriptBuildPhase;
			buildActionMask = 2147483647;
			files = (
			);
			inputFileListPaths = (
				"${PODS_ROOT}/Target Support Files/Pods-RealTimeChat2/Pods-RealTimeChat2-frameworks-${CONFIGURATION}-input-files.xcfilelist",
			);
			name = "[CP] Embed Pods Frameworks";
			outputFileListPaths = (
				"${PODS_ROOT}/Target Support Files/Pods-RealTimeChat2/Pods-RealTimeChat2-frameworks-${CONFIGURATION}-output-files.xcfilelist",
			);
			runOnlyForDeploymentPostprocessing = 0;
			shellPath = /bin/sh;
			shellScript = "\"${PODS_ROOT}/Target Support Files/Pods-RealTimeChat2/Pods-RealTimeChat2-frameworks.sh\"\n";
			showEnvVarsInLog = 0;
		};
/* End PBXShellScriptBuildPhase section */

/* Begin PBXSourcesBuildPhase section */
		A2E243F9252B96190004285B /* Sources */ = {
			isa = PBXSourcesBuildPhase;
			buildActionMask = 2147483647;
			files = (
				A274B694252BBDD2000230D1 /* LoginViewModel.swift in Sources */,
				A2B04A9C252BABCE00DB5F7B /* AppUser.swift in Sources */,
				A2B04A98252BA4E800DB5F7B /* KeyboardHelper.swift in Sources */,
				A2E24405252B96190004285B /* ViewController.swift in Sources */,
				A274B6BE252C410B000230D1 /* Message.swift in Sources */,
				A2B04A87252BA3E100DB5F7B /* ViewControllerExtentions.swift in Sources */,
				A28786CF252BB74D00E173DF /* LoginViewController.swift in Sources */,
				A2B04A86252BA3E100DB5F7B /* UIViewExtensions.swift in Sources */,
				A28786D0252BB74D00E173DF /* ProfileTableViewController.swift in Sources */,
				A274B69E252BD78F000230D1 /* AppContacts.swift in Sources */,
				A246240C252BAE1D0042E7AB /* MainTabViewController.swift in Sources */,
				A28786CC252BB74D00E173DF /* ContactsTableViewController.swift in Sources */,
				A28786CD252BB74D00E173DF /* CreateAccountViewController.swift in Sources */,
				A28786D3252BB7B500E173DF /* ScrollViewController.swift in Sources */,
				A2B04A97252BA4E800DB5F7B /* DatabaseHelper.swift in Sources */,
				A274B698252BD4D0000230D1 /* ContactsViewModel.swift in Sources */,
				A2E24401252B96190004285B /* AppDelegate.swift in Sources */,
				A28786D5252BB7F200E173DF /* ProfileHeaderView.swift in Sources */,
				A274B69B252BD5B5000230D1 /* ContactsHelper.swift in Sources */,
				A274B6C1252C4971000230D1 /* ChatHelper.swift in Sources */,
				A2B04A85252BA3E100DB5F7B /* ButtonExtentions.swift in Sources */,
				A2B04A99252BA4E800DB5F7B /* UserHelper.swift in Sources */,
				A2C522F9252CF73A00E23E2C /* ChatsViewModel.swift in Sources */,
				A2B04A91252BA4B400DB5F7B /* StartViewModel.swift in Sources */,
				A2B04A8E252BA43900DB5F7B /* StartViewController.swift in Sources */,
				A274B6BB252C40F2000230D1 /* ChatViewModel.swift in Sources */,
				A2B04A84252BA3E100DB5F7B /* StringExtensions.swift in Sources */,
				A2E24403252B96190004285B /* SceneDelegate.swift in Sources */,
				A2B04A83252BA3E100DB5F7B /* ColorExtensions.swift in Sources */,
				A274B6B8252C4082000230D1 /* ChatViewController.swift in Sources */,
				A28786CE252BB74D00E173DF /* ChatsTableViewController.swift in Sources */,
			);
			runOnlyForDeploymentPostprocessing = 0;
		};
/* End PBXSourcesBuildPhase section */

/* Begin PBXVariantGroup section */
		A2E24406252B96190004285B /* Main.storyboard */ = {
			isa = PBXVariantGroup;
			children = (
				A2E24407252B96190004285B /* Base */,
			);
			name = Main.storyboard;
			sourceTree = "<group>";
		};
		A2E2440B252B961F0004285B /* LaunchScreen.storyboard */ = {
			isa = PBXVariantGroup;
			children = (
				A2E2440C252B961F0004285B /* Base */,
			);
			name = LaunchScreen.storyboard;
			sourceTree = "<group>";
		};
/* End PBXVariantGroup section */

/* Begin XCBuildConfiguration section */
		A2E2440F252B961F0004285B /* Debug */ = {
			isa = XCBuildConfiguration;
			buildSettings = {
				ALWAYS_SEARCH_USER_PATHS = NO;
				CLANG_ANALYZER_NONNULL = YES;
				CLANG_ANALYZER_NUMBER_OBJECT_CONVERSION = YES_AGGRESSIVE;
				CLANG_CXX_LANGUAGE_STANDARD = "gnu++14";
				CLANG_CXX_LIBRARY = "libc++";
				CLANG_ENABLE_MODULES = YES;
				CLANG_ENABLE_OBJC_ARC = YES;
				CLANG_ENABLE_OBJC_WEAK = YES;
				CLANG_WARN_BLOCK_CAPTURE_AUTORELEASING = YES;
				CLANG_WARN_BOOL_CONVERSION = YES;
				CLANG_WARN_COMMA = YES;
				CLANG_WARN_CONSTANT_CONVERSION = YES;
				CLANG_WARN_DEPRECATED_OBJC_IMPLEMENTATIONS = YES;
				CLANG_WARN_DIRECT_OBJC_ISA_USAGE = YES_ERROR;
				CLANG_WARN_DOCUMENTATION_COMMENTS = YES;
				CLANG_WARN_EMPTY_BODY = YES;
				CLANG_WARN_ENUM_CONVERSION = YES;
				CLANG_WARN_INFINITE_RECURSION = YES;
				CLANG_WARN_INT_CONVERSION = YES;
				CLANG_WARN_NON_LITERAL_NULL_CONVERSION = YES;
				CLANG_WARN_OBJC_IMPLICIT_RETAIN_SELF = YES;
				CLANG_WARN_OBJC_LITERAL_CONVERSION = YES;
				CLANG_WARN_OBJC_ROOT_CLASS = YES_ERROR;
				CLANG_WARN_QUOTED_INCLUDE_IN_FRAMEWORK_HEADER = YES;
				CLANG_WARN_RANGE_LOOP_ANALYSIS = YES;
				CLANG_WARN_STRICT_PROTOTYPES = YES;
				CLANG_WARN_SUSPICIOUS_MOVE = YES;
				CLANG_WARN_UNGUARDED_AVAILABILITY = YES_AGGRESSIVE;
				CLANG_WARN_UNREACHABLE_CODE = YES;
				CLANG_WARN__DUPLICATE_METHOD_MATCH = YES;
				COPY_PHASE_STRIP = NO;
				DEBUG_INFORMATION_FORMAT = dwarf;
				ENABLE_STRICT_OBJC_MSGSEND = YES;
				ENABLE_TESTABILITY = YES;
				GCC_C_LANGUAGE_STANDARD = gnu11;
				GCC_DYNAMIC_NO_PIC = NO;
				GCC_NO_COMMON_BLOCKS = YES;
				GCC_OPTIMIZATION_LEVEL = 0;
				GCC_PREPROCESSOR_DEFINITIONS = (
					"DEBUG=1",
					"$(inherited)",
				);
				GCC_WARN_64_TO_32_BIT_CONVERSION = YES;
				GCC_WARN_ABOUT_RETURN_TYPE = YES_ERROR;
				GCC_WARN_UNDECLARED_SELECTOR = YES;
				GCC_WARN_UNINITIALIZED_AUTOS = YES_AGGRESSIVE;
				GCC_WARN_UNUSED_FUNCTION = YES;
				GCC_WARN_UNUSED_VARIABLE = YES;
				IPHONEOS_DEPLOYMENT_TARGET = 13.6;
				MTL_ENABLE_DEBUG_INFO = INCLUDE_SOURCE;
				MTL_FAST_MATH = YES;
				ONLY_ACTIVE_ARCH = YES;
				SDKROOT = iphoneos;
				SWIFT_ACTIVE_COMPILATION_CONDITIONS = DEBUG;
				SWIFT_OPTIMIZATION_LEVEL = "-Onone";
			};
			name = Debug;
		};
		A2E24410252B961F0004285B /* Release */ = {
			isa = XCBuildConfiguration;
			buildSettings = {
				ALWAYS_SEARCH_USER_PATHS = NO;
				CLANG_ANALYZER_NONNULL = YES;
				CLANG_ANALYZER_NUMBER_OBJECT_CONVERSION = YES_AGGRESSIVE;
				CLANG_CXX_LANGUAGE_STANDARD = "gnu++14";
				CLANG_CXX_LIBRARY = "libc++";
				CLANG_ENABLE_MODULES = YES;
				CLANG_ENABLE_OBJC_ARC = YES;
				CLANG_ENABLE_OBJC_WEAK = YES;
				CLANG_WARN_BLOCK_CAPTURE_AUTORELEASING = YES;
				CLANG_WARN_BOOL_CONVERSION = YES;
				CLANG_WARN_COMMA = YES;
				CLANG_WARN_CONSTANT_CONVERSION = YES;
				CLANG_WARN_DEPRECATED_OBJC_IMPLEMENTATIONS = YES;
				CLANG_WARN_DIRECT_OBJC_ISA_USAGE = YES_ERROR;
				CLANG_WARN_DOCUMENTATION_COMMENTS = YES;
				CLANG_WARN_EMPTY_BODY = YES;
				CLANG_WARN_ENUM_CONVERSION = YES;
				CLANG_WARN_INFINITE_RECURSION = YES;
				CLANG_WARN_INT_CONVERSION = YES;
				CLANG_WARN_NON_LITERAL_NULL_CONVERSION = YES;
				CLANG_WARN_OBJC_IMPLICIT_RETAIN_SELF = YES;
				CLANG_WARN_OBJC_LITERAL_CONVERSION = YES;
				CLANG_WARN_OBJC_ROOT_CLASS = YES_ERROR;
				CLANG_WARN_QUOTED_INCLUDE_IN_FRAMEWORK_HEADER = YES;
				CLANG_WARN_RANGE_LOOP_ANALYSIS = YES;
				CLANG_WARN_STRICT_PROTOTYPES = YES;
				CLANG_WARN_SUSPICIOUS_MOVE = YES;
				CLANG_WARN_UNGUARDED_AVAILABILITY = YES_AGGRESSIVE;
				CLANG_WARN_UNREACHABLE_CODE = YES;
				CLANG_WARN__DUPLICATE_METHOD_MATCH = YES;
				COPY_PHASE_STRIP = NO;
				DEBUG_INFORMATION_FORMAT = "dwarf-with-dsym";
				ENABLE_NS_ASSERTIONS = NO;
				ENABLE_STRICT_OBJC_MSGSEND = YES;
				GCC_C_LANGUAGE_STANDARD = gnu11;
				GCC_NO_COMMON_BLOCKS = YES;
				GCC_WARN_64_TO_32_BIT_CONVERSION = YES;
				GCC_WARN_ABOUT_RETURN_TYPE = YES_ERROR;
				GCC_WARN_UNDECLARED_SELECTOR = YES;
				GCC_WARN_UNINITIALIZED_AUTOS = YES_AGGRESSIVE;
				GCC_WARN_UNUSED_FUNCTION = YES;
				GCC_WARN_UNUSED_VARIABLE = YES;
				IPHONEOS_DEPLOYMENT_TARGET = 13.6;
				MTL_ENABLE_DEBUG_INFO = NO;
				MTL_FAST_MATH = YES;
				SDKROOT = iphoneos;
				SWIFT_COMPILATION_MODE = wholemodule;
				SWIFT_OPTIMIZATION_LEVEL = "-O";
				VALIDATE_PRODUCT = YES;
			};
			name = Release;
		};
		A2E24412252B961F0004285B /* Debug */ = {
			isa = XCBuildConfiguration;
			baseConfigurationReference = C71CC1B8366C3D72E4F9DB8F /* Pods-RealTimeChat2.debug.xcconfig */;
			buildSettings = {
				ASSETCATALOG_COMPILER_APPICON_NAME = AppIcon;
				CODE_SIGN_STYLE = Automatic;
				DEVELOPMENT_TEAM = 73V22638MH;
				INFOPLIST_FILE = RealTimeChat2/Info.plist;
				IPHONEOS_DEPLOYMENT_TARGET = 13.6;
				LD_RUNPATH_SEARCH_PATHS = (
					"$(inherited)",
					"@executable_path/Frameworks",
				);
				PRODUCT_BUNDLE_IDENTIFIER = com.todosVuelan.RealTimeChat;
				PRODUCT_NAME = "$(TARGET_NAME)";
				SWIFT_VERSION = 5.0;
				TARGETED_DEVICE_FAMILY = "1,2";
			};
			name = Debug;
		};
		A2E24413252B961F0004285B /* Release */ = {
			isa = XCBuildConfiguration;
			baseConfigurationReference = BA0744878215CADDB81DA6C1 /* Pods-RealTimeChat2.release.xcconfig */;
			buildSettings = {
				ASSETCATALOG_COMPILER_APPICON_NAME = AppIcon;
				CODE_SIGN_STYLE = Automatic;
				DEVELOPMENT_TEAM = 73V22638MH;
				INFOPLIST_FILE = RealTimeChat2/Info.plist;
				IPHONEOS_DEPLOYMENT_TARGET = 13.6;
				LD_RUNPATH_SEARCH_PATHS = (
					"$(inherited)",
					"@executable_path/Frameworks",
				);
				PRODUCT_BUNDLE_IDENTIFIER = com.todosVuelan.RealTimeChat;
				PRODUCT_NAME = "$(TARGET_NAME)";
				SWIFT_VERSION = 5.0;
				TARGETED_DEVICE_FAMILY = "1,2";
			};
			name = Release;
		};
/* End XCBuildConfiguration section */

/* Begin XCConfigurationList section */
		A2E243F8252B96190004285B /* Build configuration list for PBXProject "RealTimeChat2" */ = {
			isa = XCConfigurationList;
			buildConfigurations = (
				A2E2440F252B961F0004285B /* Debug */,
				A2E24410252B961F0004285B /* Release */,
			);
			defaultConfigurationIsVisible = 0;
			defaultConfigurationName = Release;
		};
		A2E24411252B961F0004285B /* Build configuration list for PBXNativeTarget "RealTimeChat2" */ = {
			isa = XCConfigurationList;
			buildConfigurations = (
				A2E24412252B961F0004285B /* Debug */,
				A2E24413252B961F0004285B /* Release */,
			);
			defaultConfigurationIsVisible = 0;
			defaultConfigurationName = Release;
		};
/* End XCConfigurationList section */
	};
	rootObject = A2E243F5252B96190004285B /* Project object */;
}
